
Microsoft Visual Studio Solution File, Format Version 12.00
# Visual Studio Version 16
VisualStudioVersion = 16.0.30320.27
MinimumVisualStudioVersion = 10.0.40219.1
Project("{FAE04EC0-301F-11D3-BF4B-00C04F79EFBC}") = "Proyectopruebagit", "Proyectopruebagit\Proyectopruebagit.csproj", "{7841383F-9795-4996-934C-1F5D9F6C0875}"
EndProject
Project("{FAE04EC0-301F-11D3-BF4B-00C04F79EFBC}") = "ejemplo1", "ejemplo1\ejemplo1.csproj", "{656846FE-1753-4F55-8112-A5AB926E2C0E}"
EndProject
Global
	GlobalSection(SolutionConfigurationPlatforms) = preSolution
		Debug|Any CPU = Debug|Any CPU
		Release|Any CPU = Release|Any CPU
	EndGlobalSection
	GlobalSection(ProjectConfigurationPlatforms) = postSolution
		{7841383F-9795-4996-934C-1F5D9F6C0875}.Debug|Any CPU.ActiveCfg = Debug|Any CPU
		{7841383F-9795-4996-934C-1F5D9F6C0875}.Debug|Any CPU.Build.0 = Debug|Any CPU
		{7841383F-9795-4996-934C-1F5D9F6C0875}.Release|Any CPU.ActiveCfg = Release|Any CPU
		{7841383F-9795-4996-934C-1F5D9F6C0875}.Release|Any CPU.Build.0 = Release|Any CPU
		{656846FE-1753-4F55-8112-A5AB926E2C0E}.Debug|Any CPU.ActiveCfg = Debug|Any CPU
		{656846FE-1753-4F55-8112-A5AB926E2C0E}.Debug|Any CPU.Build.0 = Debug|Any CPU
		{656846FE-1753-4F55-8112-A5AB926E2C0E}.Release|Any CPU.ActiveCfg = Release|Any CPU
		{656846FE-1753-4F55-8112-A5AB926E2C0E}.Release|Any CPU.Build.0 = Release|Any CPU
	EndGlobalSection
	GlobalSection(SolutionProperties) = preSolution
		HideSolutionNode = FALSE
	EndGlobalSection
	GlobalSection(ExtensibilityGlobals) = postSolution
		SolutionGuid = {90FEDF85-5F8A-4FEF-A223-849975695DB7}
	EndGlobalSection
EndGlobal
